<?xml version="1.0" encoding="UTF-8"?>
<!DOCTYPE plist PUBLIC "-//Apple//DTD PLIST 1.0//EN" "http://www.apple.com/DTDs/PropertyList-1.0.dtd">
<plist version="1.0">
<dict>
	<key>archiveVersion</key>
	<string>1</string>
	<key>classes</key>
	<dict/>
	<key>objectVersion</key>
	<string>46</string>
	<key>objects</key>
	<dict>
		<key>0437696D19A1D96000B68DB3</key>
		<dict>
			<key>children</key>
			<array>
				<string>0437697F19A1D96000B68DB3</string>
				<string>043769A119A1D96000B68DB3</string>
				<string>0437697819A1D96000B68DB3</string>
				<string>0437697719A1D96000B68DB3</string>
				<string>7E2323F41A6146E4BD614DB6</string>
			</array>
			<key>isa</key>
			<string>PBXGroup</string>
			<key>sourceTree</key>
			<string>&lt;group&gt;</string>
		</dict>
		<key>0437696E19A1D96000B68DB3</key>
		<dict>
			<key>attributes</key>
			<dict>
				<key>CLASSPREFIX</key>
				<string>Demo</string>
				<key>LastUpgradeCheck</key>
				<string>0510</string>
				<key>ORGANIZATIONNAME</key>
				<string>Jack Shi</string>
				<key>TargetAttributes</key>
				<dict>
					<key>0437699919A1D96000B68DB3</key>
					<dict>
						<key>TestTargetID</key>
						<string>0437697519A1D96000B68DB3</string>
					</dict>
				</dict>
			</dict>
			<key>buildConfigurationList</key>
			<string>0437697119A1D96000B68DB3</string>
			<key>compatibilityVersion</key>
			<string>Xcode 3.2</string>
			<key>developmentRegion</key>
			<string>English</string>
			<key>hasScannedForEncodings</key>
			<string>0</string>
			<key>isa</key>
			<string>PBXProject</string>
			<key>knownRegions</key>
			<array>
				<string>en</string>
				<string>Base</string>
				<string>zh-Hans</string>
			</array>
			<key>mainGroup</key>
			<string>0437696D19A1D96000B68DB3</string>
			<key>productRefGroup</key>
			<string>0437697719A1D96000B68DB3</string>
			<key>projectDirPath</key>
			<string></string>
			<key>projectReferences</key>
			<array/>
			<key>projectRoot</key>
			<string></string>
			<key>targets</key>
			<array>
				<string>0437697519A1D96000B68DB3</string>
				<string>0437699919A1D96000B68DB3</string>
			</array>
		</dict>
		<key>0437697119A1D96000B68DB3</key>
		<dict>
			<key>buildConfigurations</key>
			<array>
				<string>043769A919A1D96000B68DB3</string>
				<string>043769AA19A1D96000B68DB3</string>
			</array>
			<key>defaultConfigurationIsVisible</key>
			<string>0</string>
			<key>defaultConfigurationName</key>
			<string>Release</string>
			<key>isa</key>
			<string>XCConfigurationList</string>
		</dict>
		<key>0437697219A1D96000B68DB3</key>
		<dict>
			<key>buildActionMask</key>
			<string>2147483647</string>
			<key>files</key>
			<array>
				<string>04376A1D19A1DF6F00B68DB3</string>
				<string>0437699319A1D96000B68DB3</string>
				<string>0437698619A1D96000B68DB3</string>
				<string>04376A1E19A1DF6F00B68DB3</string>
				<string>0437698A19A1D96000B68DB3</string>
			</array>
			<key>isa</key>
			<string>PBXSourcesBuildPhase</string>
			<key>runOnlyForDeploymentPostprocessing</key>
			<string>0</string>
		</dict>
		<key>0437697319A1D96000B68DB3</key>
		<dict>
			<key>buildActionMask</key>
			<string>2147483647</string>
			<key>files</key>
			<array>
				<string>0437697C19A1D96000B68DB3</string>
				<string>0437697E19A1D96000B68DB3</string>
				<string>0437697A19A1D96000B68DB3</string>
				<string>5B14DA8C20E04A3E875F9EE1</string>
			</array>
			<key>isa</key>
			<string>PBXFrameworksBuildPhase</string>
			<key>runOnlyForDeploymentPostprocessing</key>
			<string>0</string>
		</dict>
		<key>0437697419A1D96000B68DB3</key>
		<dict>
			<key>buildActionMask</key>
			<string>2147483647</string>
			<key>files</key>
			<array>
				<string>0437699019A1D96000B68DB3</string>
				<string>04376A2E19A1DF6F00B68DB3</string>
				<string>04376A2219A1DF6F00B68DB3</string>
				<string>04376A2419A1DF6F00B68DB3</string>
				<string>04376A2119A1DF6F00B68DB3</string>
				<string>04376A2D19A1DF6F00B68DB3</string>
				<string>04376A2319A1DF6F00B68DB3</string>
				<string>04376A2819A1DF6F00B68DB3</string>
				<string>04376A2A19A1DF6F00B68DB3</string>
				<string>0437699519A1D96000B68DB3</string>
				<string>04376A3F19A1E56200B68DB3</string>
				<string>04376A2919A1DF6F00B68DB3</string>
				<string>04376A2719A1DF6F00B68DB3</string>
				<string>04376A2019A1DF6F00B68DB3</string>
				<string>04376A2619A1DF6F00B68DB3</string>
				<string>04376A1F19A1DF6F00B68DB3</string>
				<string>04376A2B19A1DF6F00B68DB3</string>
				<string>0437698D19A1D96000B68DB3</string>
				<string>04376A2519A1DF6F00B68DB3</string>
				<string>04376A2C19A1DF6F00B68DB3</string>
				<string>0437698419A1D96000B68DB3</string>
			</array>
			<key>isa</key>
			<string>PBXResourcesBuildPhase</string>
			<key>runOnlyForDeploymentPostprocessing</key>
			<string>0</string>
		</dict>
		<key>0437697519A1D96000B68DB3</key>
		<dict>
			<key>buildConfigurationList</key>
			<string>043769AB19A1D96000B68DB3</string>
			<key>buildPhases</key>
			<array>
				<string>7123AB4EFC0E4F799F99ABF6</string>
				<string>0437697219A1D96000B68DB3</string>
				<string>0437697319A1D96000B68DB3</string>
				<string>0437697419A1D96000B68DB3</string>
				<string>3E8921B406604E6088EBB8B7</string>
			</array>
			<key>buildRules</key>
			<array/>
			<key>dependencies</key>
			<array/>
			<key>isa</key>
			<string>PBXNativeTarget</string>
			<key>name</key>
			<string>Demo</string>
			<key>productName</key>
			<string>Demo</string>
			<key>productReference</key>
			<string>0437697619A1D96000B68DB3</string>
			<key>productType</key>
			<string>com.apple.product-type.application</string>
		</dict>
		<key>0437697619A1D96000B68DB3</key>
		<dict>
			<key>explicitFileType</key>
			<string>wrapper.application</string>
			<key>includeInIndex</key>
			<string>0</string>
			<key>isa</key>
			<string>PBXFileReference</string>
			<key>path</key>
			<string>Demo.app</string>
			<key>sourceTree</key>
			<string>BUILT_PRODUCTS_DIR</string>
		</dict>
		<key>0437697719A1D96000B68DB3</key>
		<dict>
			<key>children</key>
			<array>
				<string>0437697619A1D96000B68DB3</string>
				<string>0437699A19A1D96000B68DB3</string>
			</array>
			<key>isa</key>
			<string>PBXGroup</string>
			<key>name</key>
			<string>Products</string>
			<key>sourceTree</key>
			<string>&lt;group&gt;</string>
		</dict>
		<key>0437697819A1D96000B68DB3</key>
		<dict>
			<key>children</key>
			<array>
				<string>0437697919A1D96000B68DB3</string>
				<string>0437697B19A1D96000B68DB3</string>
				<string>0437697D19A1D96000B68DB3</string>
				<string>0437699B19A1D96000B68DB3</string>
				<string>CA50B27FFCC74CFEBC500337</string>
			</array>
			<key>isa</key>
			<string>PBXGroup</string>
			<key>name</key>
			<string>Frameworks</string>
			<key>sourceTree</key>
			<string>&lt;group&gt;</string>
		</dict>
		<key>0437697919A1D96000B68DB3</key>
		<dict>
			<key>isa</key>
			<string>PBXFileReference</string>
			<key>lastKnownFileType</key>
			<string>wrapper.framework</string>
			<key>name</key>
			<string>Foundation.framework</string>
			<key>path</key>
			<string>System/Library/Frameworks/Foundation.framework</string>
			<key>sourceTree</key>
			<string>SDKROOT</string>
		</dict>
		<key>0437697A19A1D96000B68DB3</key>
		<dict>
			<key>fileRef</key>
			<string>0437697919A1D96000B68DB3</string>
			<key>isa</key>
			<string>PBXBuildFile</string>
		</dict>
		<key>0437697B19A1D96000B68DB3</key>
		<dict>
			<key>isa</key>
			<string>PBXFileReference</string>
			<key>lastKnownFileType</key>
			<string>wrapper.framework</string>
			<key>name</key>
			<string>CoreGraphics.framework</string>
			<key>path</key>
			<string>System/Library/Frameworks/CoreGraphics.framework</string>
			<key>sourceTree</key>
			<string>SDKROOT</string>
		</dict>
		<key>0437697C19A1D96000B68DB3</key>
		<dict>
			<key>fileRef</key>
			<string>0437697B19A1D96000B68DB3</string>
			<key>isa</key>
			<string>PBXBuildFile</string>
		</dict>
		<key>0437697D19A1D96000B68DB3</key>
		<dict>
			<key>isa</key>
			<string>PBXFileReference</string>
			<key>lastKnownFileType</key>
			<string>wrapper.framework</string>
			<key>name</key>
			<string>UIKit.framework</string>
			<key>path</key>
			<string>System/Library/Frameworks/UIKit.framework</string>
			<key>sourceTree</key>
			<string>SDKROOT</string>
		</dict>
		<key>0437697E19A1D96000B68DB3</key>
		<dict>
			<key>fileRef</key>
			<string>0437697D19A1D96000B68DB3</string>
			<key>isa</key>
			<string>PBXBuildFile</string>
		</dict>
		<key>0437697F19A1D96000B68DB3</key>
		<dict>
			<key>children</key>
			<array>
				<string>04376A0519A1DF6F00B68DB3</string>
				<string>0437698819A1D96000B68DB3</string>
				<string>0437698919A1D96000B68DB3</string>
				<string>0437698B19A1D96000B68DB3</string>
				<string>0437698E19A1D96000B68DB3</string>
				<string>0437699119A1D96000B68DB3</string>
				<string>0437699219A1D96000B68DB3</string>
				<string>0437699419A1D96000B68DB3</string>
				<string>0437698019A1D96000B68DB3</string>
			</array>
			<key>isa</key>
			<string>PBXGroup</string>
			<key>path</key>
			<string>Demo</string>
			<key>sourceTree</key>
			<string>&lt;group&gt;</string>
		</dict>
		<key>0437698019A1D96000B68DB3</key>
		<dict>
			<key>children</key>
			<array>
				<string>0437698119A1D96000B68DB3</string>
				<string>0437698219A1D96000B68DB3</string>
				<string>0437698519A1D96000B68DB3</string>
				<string>0437698719A1D96000B68DB3</string>
				<string>04376A4119A1E56200B68DB3</string>
			</array>
			<key>isa</key>
			<string>PBXGroup</string>
			<key>name</key>
			<string>Supporting Files</string>
			<key>sourceTree</key>
			<string>&lt;group&gt;</string>
		</dict>
		<key>0437698119A1D96000B68DB3</key>
		<dict>
			<key>isa</key>
			<string>PBXFileReference</string>
			<key>lastKnownFileType</key>
			<string>text.plist.xml</string>
			<key>path</key>
			<string>Demo-Info.plist</string>
			<key>sourceTree</key>
			<string>&lt;group&gt;</string>
		</dict>
		<key>0437698219A1D96000B68DB3</key>
		<dict>
			<key>children</key>
			<array>
				<string>0437698319A1D96000B68DB3</string>
				<string>04376A4419A1E56E00B68DB3</string>
			</array>
			<key>isa</key>
			<string>PBXVariantGroup</string>
			<key>name</key>
			<string>InfoPlist.strings</string>
			<key>sourceTree</key>
			<string>&lt;group&gt;</string>
		</dict>
		<key>0437698319A1D96000B68DB3</key>
		<dict>
			<key>isa</key>
			<string>PBXFileReference</string>
			<key>lastKnownFileType</key>
			<string>text.plist.strings</string>
			<key>name</key>
			<string>en</string>
			<key>path</key>
			<string>en.lproj/InfoPlist.strings</string>
			<key>sourceTree</key>
			<string>&lt;group&gt;</string>
		</dict>
		<key>0437698419A1D96000B68DB3</key>
		<dict>
			<key>fileRef</key>
			<string>0437698219A1D96000B68DB3</string>
			<key>isa</key>
			<string>PBXBuildFile</string>
		</dict>
		<key>0437698519A1D96000B68DB3</key>
		<dict>
			<key>isa</key>
			<string>PBXFileReference</string>
			<key>lastKnownFileType</key>
			<string>sourcecode.c.objc</string>
			<key>path</key>
			<string>main.m</string>
			<key>sourceTree</key>
			<string>&lt;group&gt;</string>
		</dict>
		<key>0437698619A1D96000B68DB3</key>
		<dict>
			<key>fileRef</key>
			<string>0437698519A1D96000B68DB3</string>
			<key>isa</key>
			<string>PBXBuildFile</string>
		</dict>
		<key>0437698719A1D96000B68DB3</key>
		<dict>
			<key>isa</key>
			<string>PBXFileReference</string>
			<key>lastKnownFileType</key>
			<string>sourcecode.c.h</string>
			<key>path</key>
			<string>Demo-Prefix.pch</string>
			<key>sourceTree</key>
			<string>&lt;group&gt;</string>
		</dict>
		<key>0437698819A1D96000B68DB3</key>
		<dict>
			<key>isa</key>
			<string>PBXFileReference</string>
			<key>lastKnownFileType</key>
			<string>sourcecode.c.h</string>
			<key>path</key>
			<string>DemoAppDelegate.h</string>
			<key>sourceTree</key>
			<string>&lt;group&gt;</string>
		</dict>
		<key>0437698919A1D96000B68DB3</key>
		<dict>
			<key>isa</key>
			<string>PBXFileReference</string>
			<key>lastKnownFileType</key>
			<string>sourcecode.c.objc</string>
			<key>path</key>
			<string>DemoAppDelegate.m</string>
			<key>sourceTree</key>
			<string>&lt;group&gt;</string>
		</dict>
		<key>0437698A19A1D96000B68DB3</key>
		<dict>
			<key>fileRef</key>
			<string>0437698919A1D96000B68DB3</string>
			<key>isa</key>
			<string>PBXBuildFile</string>
		</dict>
		<key>0437698B19A1D96000B68DB3</key>
		<dict>
			<key>children</key>
			<array>
				<string>0437698C19A1D96000B68DB3</string>
				<string>04376A3019A1E40400B68DB3</string>
				<string>04376A4219A1E56E00B68DB3</string>
			</array>
			<key>isa</key>
			<string>PBXVariantGroup</string>
			<key>name</key>
			<string>Main_iPhone.storyboard</string>
			<key>sourceTree</key>
			<string>&lt;group&gt;</string>
		</dict>
		<key>0437698C19A1D96000B68DB3</key>
		<dict>
			<key>isa</key>
			<string>PBXFileReference</string>
			<key>lastKnownFileType</key>
			<string>file.storyboard</string>
			<key>name</key>
			<string>Base</string>
			<key>path</key>
			<string>Base.lproj/Main_iPhone.storyboard</string>
			<key>sourceTree</key>
			<string>&lt;group&gt;</string>
		</dict>
		<key>0437698D19A1D96000B68DB3</key>
		<dict>
			<key>fileRef</key>
			<string>0437698B19A1D96000B68DB3</string>
			<key>isa</key>
			<string>PBXBuildFile</string>
		</dict>
		<key>0437698E19A1D96000B68DB3</key>
		<dict>
			<key>children</key>
			<array>
				<string>0437698F19A1D96000B68DB3</string>
				<string>04376A4319A1E56E00B68DB3</string>
			</array>
			<key>isa</key>
			<string>PBXVariantGroup</string>
			<key>name</key>
			<string>Main_iPad.storyboard</string>
			<key>sourceTree</key>
			<string>&lt;group&gt;</string>
		</dict>
		<key>0437698F19A1D96000B68DB3</key>
		<dict>
			<key>isa</key>
			<string>PBXFileReference</string>
			<key>lastKnownFileType</key>
			<string>file.storyboard</string>
			<key>name</key>
			<string>Base</string>
			<key>path</key>
			<string>Base.lproj/Main_iPad.storyboard</string>
			<key>sourceTree</key>
			<string>&lt;group&gt;</string>
		</dict>
		<key>0437699019A1D96000B68DB3</key>
		<dict>
			<key>fileRef</key>
			<string>0437698E19A1D96000B68DB3</string>
			<key>isa</key>
			<string>PBXBuildFile</string>
		</dict>
		<key>0437699119A1D96000B68DB3</key>
		<dict>
			<key>isa</key>
			<string>PBXFileReference</string>
			<key>lastKnownFileType</key>
			<string>sourcecode.c.h</string>
			<key>path</key>
			<string>DemoViewController.h</string>
			<key>sourceTree</key>
			<string>&lt;group&gt;</string>
		</dict>
		<key>0437699219A1D96000B68DB3</key>
		<dict>
			<key>isa</key>
			<string>PBXFileReference</string>
			<key>lastKnownFileType</key>
			<string>sourcecode.c.objc</string>
			<key>path</key>
			<string>DemoViewController.m</string>
			<key>sourceTree</key>
			<string>&lt;group&gt;</string>
		</dict>
		<key>0437699319A1D96000B68DB3</key>
		<dict>
			<key>fileRef</key>
			<string>0437699219A1D96000B68DB3</string>
			<key>isa</key>
			<string>PBXBuildFile</string>
		</dict>
		<key>0437699419A1D96000B68DB3</key>
		<dict>
			<key>isa</key>
			<string>PBXFileReference</string>
			<key>lastKnownFileType</key>
			<string>folder.assetcatalog</string>
			<key>path</key>
			<string>Images.xcassets</string>
			<key>sourceTree</key>
			<string>&lt;group&gt;</string>
		</dict>
		<key>0437699519A1D96000B68DB3</key>
		<dict>
			<key>fileRef</key>
			<string>0437699419A1D96000B68DB3</string>
			<key>isa</key>
			<string>PBXBuildFile</string>
		</dict>
		<key>0437699619A1D96000B68DB3</key>
		<dict>
			<key>buildActionMask</key>
			<string>2147483647</string>
			<key>files</key>
			<array>
				<string>043769A819A1D96000B68DB3</string>
			</array>
			<key>isa</key>
			<string>PBXSourcesBuildPhase</string>
			<key>runOnlyForDeploymentPostprocessing</key>
			<string>0</string>
		</dict>
		<key>0437699719A1D96000B68DB3</key>
		<dict>
			<key>buildActionMask</key>
			<string>2147483647</string>
			<key>files</key>
			<array>
				<string>0437699C19A1D96000B68DB3</string>
				<string>0437699E19A1D96000B68DB3</string>
				<string>0437699D19A1D96000B68DB3</string>
			</array>
			<key>isa</key>
			<string>PBXFrameworksBuildPhase</string>
			<key>runOnlyForDeploymentPostprocessing</key>
			<string>0</string>
		</dict>
		<key>0437699819A1D96000B68DB3</key>
		<dict>
			<key>buildActionMask</key>
			<string>2147483647</string>
			<key>files</key>
			<array>
				<string>043769A619A1D96000B68DB3</string>
			</array>
			<key>isa</key>
			<string>PBXResourcesBuildPhase</string>
			<key>runOnlyForDeploymentPostprocessing</key>
			<string>0</string>
		</dict>
		<key>0437699919A1D96000B68DB3</key>
		<dict>
			<key>buildConfigurationList</key>
			<string>043769AE19A1D96000B68DB3</string>
			<key>buildPhases</key>
			<array>
				<string>0437699619A1D96000B68DB3</string>
				<string>0437699719A1D96000B68DB3</string>
				<string>0437699819A1D96000B68DB3</string>
			</array>
			<key>buildRules</key>
			<array/>
			<key>dependencies</key>
			<array>
				<string>043769A019A1D96000B68DB3</string>
			</array>
			<key>isa</key>
			<string>PBXNativeTarget</string>
			<key>name</key>
			<string>DemoTests</string>
			<key>productName</key>
			<string>DemoTests</string>
			<key>productReference</key>
			<string>0437699A19A1D96000B68DB3</string>
			<key>productType</key>
			<string>com.apple.product-type.bundle.unit-test</string>
		</dict>
		<key>0437699A19A1D96000B68DB3</key>
		<dict>
			<key>explicitFileType</key>
			<string>wrapper.cfbundle</string>
			<key>includeInIndex</key>
			<string>0</string>
			<key>isa</key>
			<string>PBXFileReference</string>
			<key>path</key>
			<string>DemoTests.xctest</string>
			<key>sourceTree</key>
			<string>BUILT_PRODUCTS_DIR</string>
		</dict>
		<key>0437699B19A1D96000B68DB3</key>
		<dict>
			<key>isa</key>
			<string>PBXFileReference</string>
			<key>lastKnownFileType</key>
			<string>wrapper.framework</string>
			<key>name</key>
			<string>XCTest.framework</string>
			<key>path</key>
			<string>Library/Frameworks/XCTest.framework</string>
			<key>sourceTree</key>
			<string>DEVELOPER_DIR</string>
		</dict>
		<key>0437699C19A1D96000B68DB3</key>
		<dict>
			<key>fileRef</key>
			<string>0437699B19A1D96000B68DB3</string>
			<key>isa</key>
			<string>PBXBuildFile</string>
		</dict>
		<key>0437699D19A1D96000B68DB3</key>
		<dict>
			<key>fileRef</key>
			<string>0437697919A1D96000B68DB3</string>
			<key>isa</key>
			<string>PBXBuildFile</string>
		</dict>
		<key>0437699E19A1D96000B68DB3</key>
		<dict>
			<key>fileRef</key>
			<string>0437697D19A1D96000B68DB3</string>
			<key>isa</key>
			<string>PBXBuildFile</string>
		</dict>
		<key>0437699F19A1D96000B68DB3</key>
		<dict>
			<key>containerPortal</key>
			<string>0437696E19A1D96000B68DB3</string>
			<key>isa</key>
			<string>PBXContainerItemProxy</string>
			<key>proxyType</key>
			<string>1</string>
			<key>remoteGlobalIDString</key>
			<string>0437697519A1D96000B68DB3</string>
			<key>remoteInfo</key>
			<string>Demo</string>
		</dict>
		<key>043769A019A1D96000B68DB3</key>
		<dict>
			<key>isa</key>
			<string>PBXTargetDependency</string>
			<key>target</key>
			<string>0437697519A1D96000B68DB3</string>
			<key>targetProxy</key>
			<string>0437699F19A1D96000B68DB3</string>
		</dict>
		<key>043769A119A1D96000B68DB3</key>
		<dict>
			<key>children</key>
			<array>
				<string>043769A719A1D96000B68DB3</string>
				<string>043769A219A1D96000B68DB3</string>
			</array>
			<key>isa</key>
			<string>PBXGroup</string>
			<key>path</key>
			<string>DemoTests</string>
			<key>sourceTree</key>
			<string>&lt;group&gt;</string>
		</dict>
		<key>043769A219A1D96000B68DB3</key>
		<dict>
			<key>children</key>
			<array>
				<string>043769A319A1D96000B68DB3</string>
				<string>043769A419A1D96000B68DB3</string>
			</array>
			<key>isa</key>
			<string>PBXGroup</string>
			<key>name</key>
			<string>Supporting Files</string>
			<key>sourceTree</key>
			<string>&lt;group&gt;</string>
		</dict>
		<key>043769A319A1D96000B68DB3</key>
		<dict>
			<key>isa</key>
			<string>PBXFileReference</string>
			<key>lastKnownFileType</key>
			<string>text.plist.xml</string>
			<key>path</key>
			<string>DemoTests-Info.plist</string>
			<key>sourceTree</key>
			<string>&lt;group&gt;</string>
		</dict>
		<key>043769A419A1D96000B68DB3</key>
		<dict>
			<key>children</key>
			<array>
				<string>043769A519A1D96000B68DB3</string>
			</array>
			<key>isa</key>
			<string>PBXVariantGroup</string>
			<key>name</key>
			<string>InfoPlist.strings</string>
			<key>sourceTree</key>
			<string>&lt;group&gt;</string>
		</dict>
		<key>043769A519A1D96000B68DB3</key>
		<dict>
			<key>isa</key>
			<string>PBXFileReference</string>
			<key>lastKnownFileType</key>
			<string>text.plist.strings</string>
			<key>name</key>
			<string>en</string>
			<key>path</key>
			<string>en.lproj/InfoPlist.strings</string>
			<key>sourceTree</key>
			<string>&lt;group&gt;</string>
		</dict>
		<key>043769A619A1D96000B68DB3</key>
		<dict>
			<key>fileRef</key>
			<string>043769A419A1D96000B68DB3</string>
			<key>isa</key>
			<string>PBXBuildFile</string>
		</dict>
		<key>043769A719A1D96000B68DB3</key>
		<dict>
			<key>isa</key>
			<string>PBXFileReference</string>
			<key>lastKnownFileType</key>
			<string>sourcecode.c.objc</string>
			<key>path</key>
			<string>DemoTests.m</string>
			<key>sourceTree</key>
			<string>&lt;group&gt;</string>
		</dict>
		<key>043769A819A1D96000B68DB3</key>
		<dict>
			<key>fileRef</key>
			<string>043769A719A1D96000B68DB3</string>
			<key>isa</key>
			<string>PBXBuildFile</string>
		</dict>
		<key>043769A919A1D96000B68DB3</key>
		<dict>
			<key>buildSettings</key>
			<dict>
				<key>ALWAYS_SEARCH_USER_PATHS</key>
				<string>NO</string>
				<key>CLANG_CXX_LANGUAGE_STANDARD</key>
				<string>gnu++0x</string>
				<key>CLANG_CXX_LIBRARY</key>
				<string>libc++</string>
				<key>CLANG_ENABLE_MODULES</key>
				<string>YES</string>
				<key>CLANG_ENABLE_OBJC_ARC</key>
				<string>YES</string>
				<key>CLANG_WARN_BOOL_CONVERSION</key>
				<string>YES</string>
				<key>CLANG_WARN_CONSTANT_CONVERSION</key>
				<string>YES</string>
				<key>CLANG_WARN_DIRECT_OBJC_ISA_USAGE</key>
				<string>YES_ERROR</string>
				<key>CLANG_WARN_EMPTY_BODY</key>
				<string>YES</string>
				<key>CLANG_WARN_ENUM_CONVERSION</key>
				<string>YES</string>
				<key>CLANG_WARN_INT_CONVERSION</key>
				<string>YES</string>
				<key>CLANG_WARN_OBJC_ROOT_CLASS</key>
				<string>YES_ERROR</string>
				<key>CLANG_WARN__DUPLICATE_METHOD_MATCH</key>
				<string>YES</string>
				<key>CODE_SIGN_IDENTITY[sdk=iphoneos*]</key>
				<string>iPhone Developer</string>
				<key>COPY_PHASE_STRIP</key>
				<string>NO</string>
				<key>GCC_C_LANGUAGE_STANDARD</key>
				<string>gnu99</string>
				<key>GCC_DYNAMIC_NO_PIC</key>
				<string>NO</string>
				<key>GCC_OPTIMIZATION_LEVEL</key>
				<string>0</string>
				<key>GCC_PREPROCESSOR_DEFINITIONS</key>
				<array>
					<string>DEBUG=1</string>
					<string>$(inherited)</string>
				</array>
				<key>GCC_SYMBOLS_PRIVATE_EXTERN</key>
				<string>NO</string>
				<key>GCC_WARN_64_TO_32_BIT_CONVERSION</key>
				<string>YES</string>
				<key>GCC_WARN_ABOUT_RETURN_TYPE</key>
				<string>YES_ERROR</string>
				<key>GCC_WARN_UNDECLARED_SELECTOR</key>
				<string>YES</string>
				<key>GCC_WARN_UNINITIALIZED_AUTOS</key>
				<string>YES_AGGRESSIVE</string>
				<key>GCC_WARN_UNUSED_FUNCTION</key>
				<string>YES</string>
				<key>GCC_WARN_UNUSED_VARIABLE</key>
				<string>YES</string>
				<key>IPHONEOS_DEPLOYMENT_TARGET</key>
				<string>7.1</string>
				<key>ONLY_ACTIVE_ARCH</key>
				<string>YES</string>
				<key>SDKROOT</key>
				<string>iphoneos</string>
				<key>TARGETED_DEVICE_FAMILY</key>
				<string>1,2</string>
			</dict>
			<key>isa</key>
			<string>XCBuildConfiguration</string>
			<key>name</key>
			<string>Debug</string>
		</dict>
		<key>043769AA19A1D96000B68DB3</key>
		<dict>
			<key>buildSettings</key>
			<dict>
				<key>ALWAYS_SEARCH_USER_PATHS</key>
				<string>NO</string>
				<key>CLANG_CXX_LANGUAGE_STANDARD</key>
				<string>gnu++0x</string>
				<key>CLANG_CXX_LIBRARY</key>
				<string>libc++</string>
				<key>CLANG_ENABLE_MODULES</key>
				<string>YES</string>
				<key>CLANG_ENABLE_OBJC_ARC</key>
				<string>YES</string>
				<key>CLANG_WARN_BOOL_CONVERSION</key>
				<string>YES</string>
				<key>CLANG_WARN_CONSTANT_CONVERSION</key>
				<string>YES</string>
				<key>CLANG_WARN_DIRECT_OBJC_ISA_USAGE</key>
				<string>YES_ERROR</string>
				<key>CLANG_WARN_EMPTY_BODY</key>
				<string>YES</string>
				<key>CLANG_WARN_ENUM_CONVERSION</key>
				<string>YES</string>
				<key>CLANG_WARN_INT_CONVERSION</key>
				<string>YES</string>
				<key>CLANG_WARN_OBJC_ROOT_CLASS</key>
				<string>YES_ERROR</string>
				<key>CLANG_WARN__DUPLICATE_METHOD_MATCH</key>
				<string>YES</string>
				<key>CODE_SIGN_IDENTITY[sdk=iphoneos*]</key>
				<string>iPhone Developer</string>
				<key>COPY_PHASE_STRIP</key>
				<string>YES</string>
				<key>ENABLE_NS_ASSERTIONS</key>
				<string>NO</string>
				<key>GCC_C_LANGUAGE_STANDARD</key>
				<string>gnu99</string>
				<key>GCC_WARN_64_TO_32_BIT_CONVERSION</key>
				<string>YES</string>
				<key>GCC_WARN_ABOUT_RETURN_TYPE</key>
				<string>YES_ERROR</string>
				<key>GCC_WARN_UNDECLARED_SELECTOR</key>
				<string>YES</string>
				<key>GCC_WARN_UNINITIALIZED_AUTOS</key>
				<string>YES_AGGRESSIVE</string>
				<key>GCC_WARN_UNUSED_FUNCTION</key>
				<string>YES</string>
				<key>GCC_WARN_UNUSED_VARIABLE</key>
				<string>YES</string>
				<key>IPHONEOS_DEPLOYMENT_TARGET</key>
				<string>7.1</string>
				<key>SDKROOT</key>
				<string>iphoneos</string>
				<key>TARGETED_DEVICE_FAMILY</key>
				<string>1,2</string>
				<key>VALIDATE_PRODUCT</key>
				<string>YES</string>
			</dict>
			<key>isa</key>
			<string>XCBuildConfiguration</string>
			<key>name</key>
			<string>Release</string>
		</dict>
		<key>043769AB19A1D96000B68DB3</key>
		<dict>
			<key>buildConfigurations</key>
			<array>
				<string>043769AC19A1D96000B68DB3</string>
				<string>043769AD19A1D96000B68DB3</string>
			</array>
			<key>defaultConfigurationIsVisible</key>
			<string>0</string>
			<key>defaultConfigurationName</key>
			<string>Release</string>
			<key>isa</key>
			<string>XCConfigurationList</string>
		</dict>
		<key>043769AC19A1D96000B68DB3</key>
		<dict>
			<key>baseConfigurationReference</key>
			<string>7E2323F41A6146E4BD614DB6</string>
			<key>buildSettings</key>
			<dict>
				<key>ASSETCATALOG_COMPILER_APPICON_NAME</key>
				<string>AppIcon</string>
				<key>ASSETCATALOG_COMPILER_LAUNCHIMAGE_NAME</key>
				<string>LaunchImage</string>
				<key>GCC_PRECOMPILE_PREFIX_HEADER</key>
				<string>YES</string>
				<key>GCC_PREFIX_HEADER</key>
				<string>Demo/Demo-Prefix.pch</string>
				<key>INFOPLIST_FILE</key>
				<string>Demo/Demo-Info.plist</string>
				<key>PRODUCT_NAME</key>
				<string>$(TARGET_NAME)</string>
				<key>WRAPPER_EXTENSION</key>
				<string>app</string>
			</dict>
			<key>isa</key>
			<string>XCBuildConfiguration</string>
			<key>name</key>
			<string>Debug</string>
		</dict>
		<key>043769AD19A1D96000B68DB3</key>
		<dict>
			<key>baseConfigurationReference</key>
			<string>7E2323F41A6146E4BD614DB6</string>
			<key>buildSettings</key>
			<dict>
				<key>ASSETCATALOG_COMPILER_APPICON_NAME</key>
				<string>AppIcon</string>
				<key>ASSETCATALOG_COMPILER_LAUNCHIMAGE_NAME</key>
				<string>LaunchImage</string>
				<key>GCC_PRECOMPILE_PREFIX_HEADER</key>
				<string>YES</string>
				<key>GCC_PREFIX_HEADER</key>
				<string>Demo/Demo-Prefix.pch</string>
				<key>INFOPLIST_FILE</key>
				<string>Demo/Demo-Info.plist</string>
				<key>PRODUCT_NAME</key>
				<string>$(TARGET_NAME)</string>
				<key>WRAPPER_EXTENSION</key>
				<string>app</string>
			</dict>
			<key>isa</key>
			<string>XCBuildConfiguration</string>
			<key>name</key>
			<string>Release</string>
		</dict>
		<key>043769AE19A1D96000B68DB3</key>
		<dict>
			<key>buildConfigurations</key>
			<array>
				<string>043769AF19A1D96000B68DB3</string>
				<string>043769B019A1D96000B68DB3</string>
			</array>
			<key>defaultConfigurationIsVisible</key>
			<string>0</string>
			<key>defaultConfigurationName</key>
			<string>Release</string>
			<key>isa</key>
			<string>XCConfigurationList</string>
		</dict>
		<key>043769AF19A1D96000B68DB3</key>
		<dict>
			<key>buildSettings</key>
			<dict>
				<key>BUNDLE_LOADER</key>
				<string>$(BUILT_PRODUCTS_DIR)/Demo.app/Demo</string>
				<key>FRAMEWORK_SEARCH_PATHS</key>
				<array>
					<string>$(SDKROOT)/Developer/Library/Frameworks</string>
					<string>$(inherited)</string>
					<string>$(DEVELOPER_FRAMEWORKS_DIR)</string>
				</array>
				<key>GCC_PRECOMPILE_PREFIX_HEADER</key>
				<string>YES</string>
				<key>GCC_PREFIX_HEADER</key>
				<string>Demo/Demo-Prefix.pch</string>
				<key>GCC_PREPROCESSOR_DEFINITIONS</key>
				<array>
					<string>DEBUG=1</string>
					<string>$(inherited)</string>
				</array>
				<key>INFOPLIST_FILE</key>
				<string>DemoTests/DemoTests-Info.plist</string>
				<key>PRODUCT_NAME</key>
				<string>$(TARGET_NAME)</string>
				<key>TEST_HOST</key>
				<string>$(BUNDLE_LOADER)</string>
				<key>WRAPPER_EXTENSION</key>
				<string>xctest</string>
			</dict>
			<key>isa</key>
			<string>XCBuildConfiguration</string>
			<key>name</key>
			<string>Debug</string>
		</dict>
		<key>043769B019A1D96000B68DB3</key>
		<dict>
			<key>buildSettings</key>
			<dict>
				<key>BUNDLE_LOADER</key>
				<string>$(BUILT_PRODUCTS_DIR)/Demo.app/Demo</string>
				<key>FRAMEWORK_SEARCH_PATHS</key>
				<array>
					<string>$(SDKROOT)/Developer/Library/Frameworks</string>
					<string>$(inherited)</string>
					<string>$(DEVELOPER_FRAMEWORKS_DIR)</string>
				</array>
				<key>GCC_PRECOMPILE_PREFIX_HEADER</key>
				<string>YES</string>
				<key>GCC_PREFIX_HEADER</key>
				<string>Demo/Demo-Prefix.pch</string>
				<key>INFOPLIST_FILE</key>
				<string>DemoTests/DemoTests-Info.plist</string>
				<key>PRODUCT_NAME</key>
				<string>$(TARGET_NAME)</string>
				<key>TEST_HOST</key>
				<string>$(BUNDLE_LOADER)</string>
				<key>WRAPPER_EXTENSION</key>
				<string>xctest</string>
			</dict>
			<key>isa</key>
			<string>XCBuildConfiguration</string>
			<key>name</key>
			<string>Release</string>
		</dict>
		<key>04376A0519A1DF6F00B68DB3</key>
		<dict>
			<key>children</key>
			<array>
				<string>04376A0619A1DF6F00B68DB3</string>
				<string>04376A0919A1DF6F00B68DB3</string>
				<string>04376A0C19A1DF6F00B68DB3</string>
			</array>
			<key>isa</key>
			<string>PBXGroup</string>
			<key>name</key>
			<string>EGOTableViewPullRefreshAndLoadMore</string>
			<key>path</key>
			<string>../../EGOTableViewPullRefreshAndLoadMore</string>
			<key>sourceTree</key>
			<string>&lt;group&gt;</string>
		</dict>
		<key>04376A0619A1DF6F00B68DB3</key>
		<dict>
			<key>children</key>
			<array>
				<string>04376A0719A1DF6F00B68DB3</string>
				<string>04376A0819A1DF6F00B68DB3</string>
			</array>
			<key>isa</key>
			<string>PBXGroup</string>
			<key>path</key>
			<string>EGORefeshClass</string>
			<key>sourceTree</key>
			<string>&lt;group&gt;</string>
		</dict>
		<key>04376A0719A1DF6F00B68DB3</key>
		<dict>
			<key>fileEncoding</key>
			<string>4</string>
			<key>isa</key>
			<string>PBXFileReference</string>
			<key>lastKnownFileType</key>
			<string>sourcecode.c.h</string>
			<key>path</key>
			<string>EGORefreshTableHeaderView.h</string>
			<key>sourceTree</key>
			<string>&lt;group&gt;</string>
		</dict>
		<key>04376A0819A1DF6F00B68DB3</key>
		<dict>
			<key>fileEncoding</key>
			<string>4</string>
			<key>isa</key>
			<string>PBXFileReference</string>
			<key>lastKnownFileType</key>
			<string>sourcecode.c.objc</string>
			<key>path</key>
			<string>EGORefreshTableHeaderView.m</string>
			<key>sourceTree</key>
			<string>&lt;group&gt;</string>
		</dict>
		<key>04376A0919A1DF6F00B68DB3</key>
		<dict>
			<key>children</key>
			<array>
				<string>04376A0A19A1DF6F00B68DB3</string>
				<string>04376A0B19A1DF6F00B68DB3</string>
			</array>
			<key>isa</key>
			<string>PBXGroup</string>
			<key>path</key>
			<string>LoadMoreClass</string>
			<key>sourceTree</key>
			<string>&lt;group&gt;</string>
		</dict>
		<key>04376A0A19A1DF6F00B68DB3</key>
		<dict>
			<key>fileEncoding</key>
			<string>4</string>
			<key>isa</key>
			<string>PBXFileReference</string>
			<key>lastKnownFileType</key>
			<string>sourcecode.c.h</string>
			<key>path</key>
			<string>LoadMoreTableFooterView.h</string>
			<key>sourceTree</key>
			<string>&lt;group&gt;</string>
		</dict>
		<key>04376A0B19A1DF6F00B68DB3</key>
		<dict>
			<key>fileEncoding</key>
			<string>4</string>
			<key>isa</key>
			<string>PBXFileReference</string>
			<key>lastKnownFileType</key>
			<string>sourcecode.c.objc</string>
			<key>path</key>
			<string>LoadMoreTableFooterView.m</string>
			<key>sourceTree</key>
			<string>&lt;group&gt;</string>
		</dict>
		<key>04376A0C19A1DF6F00B68DB3</key>
		<dict>
			<key>children</key>
			<array>
				<string>04376A0D19A1DF6F00B68DB3</string>
				<string>04376A0E19A1DF6F00B68DB3</string>
				<string>04376A0F19A1DF6F00B68DB3</string>
				<string>04376A1019A1DF6F00B68DB3</string>
				<string>04376A1119A1DF6F00B68DB3</string>
				<string>04376A1219A1DF6F00B68DB3</string>
				<string>04376A1319A1DF6F00B68DB3</string>
				<string>04376A1419A1DF6F00B68DB3</string>
				<string>04376A1519A1DF6F00B68DB3</string>
				<string>04376A1619A1DF6F00B68DB3</string>
				<string>04376A1719A1DF6F00B68DB3</string>
				<string>04376A1819A1DF6F00B68DB3</string>
				<string>04376A1919A1DF6F00B68DB3</string>
				<string>04376A1A19A1DF6F00B68DB3</string>
				<string>04376A1B19A1DF6F00B68DB3</string>
				<string>04376A1C19A1DF6F00B68DB3</string>
			</array>
			<key>isa</key>
			<string>PBXGroup</string>
			<key>path</key>
			<string>Resources</string>
			<key>sourceTree</key>
			<string>&lt;group&gt;</string>
		</dict>
		<key>04376A0D19A1DF6F00B68DB3</key>
		<dict>
			<key>isa</key>
			<string>PBXFileReference</string>
			<key>lastKnownFileType</key>
			<string>image.png</string>
			<key>path</key>
			<string>blackArrow.png</string>
			<key>sourceTree</key>
			<string>&lt;group&gt;</string>
		</dict>
		<key>04376A0E19A1DF6F00B68DB3</key>
		<dict>
			<key>isa</key>
			<string>PBXFileReference</string>
			<key>lastKnownFileType</key>
			<string>image.png</string>
			<key>path</key>
			<string>blackArrow@2x.png</string>
			<key>sourceTree</key>
			<string>&lt;group&gt;</string>
		</dict>
		<key>04376A0F19A1DF6F00B68DB3</key>
		<dict>
			<key>isa</key>
			<string>PBXFileReference</string>
			<key>lastKnownFileType</key>
			<string>image.png</string>
			<key>path</key>
			<string>blackArrowLoadMore.png</string>
			<key>sourceTree</key>
			<string>&lt;group&gt;</string>
		</dict>
		<key>04376A1019A1DF6F00B68DB3</key>
		<dict>
			<key>isa</key>
			<string>PBXFileReference</string>
			<key>lastKnownFileType</key>
			<string>image.png</string>
			<key>path</key>
			<string>blackArrowLoadMore@2x.png</string>
			<key>sourceTree</key>
			<string>&lt;group&gt;</string>
		</dict>
		<key>04376A1119A1DF6F00B68DB3</key>
		<dict>
			<key>isa</key>
			<string>PBXFileReference</string>
			<key>lastKnownFileType</key>
			<string>image.png</string>
			<key>path</key>
			<string>blueArrow.png</string>
			<key>sourceTree</key>
			<string>&lt;group&gt;</string>
		</dict>
		<key>04376A1219A1DF6F00B68DB3</key>
		<dict>
			<key>isa</key>
			<string>PBXFileReference</string>
			<key>lastKnownFileType</key>
			<string>image.png</string>
			<key>path</key>
			<string>blueArrow@2x.png</string>
			<key>sourceTree</key>
			<string>&lt;group&gt;</string>
		</dict>
		<key>04376A1319A1DF6F00B68DB3</key>
		<dict>
			<key>isa</key>
			<string>PBXFileReference</string>
			<key>lastKnownFileType</key>
			<string>image.png</string>
			<key>path</key>
			<string>blueArrowLoadMore.png</string>
			<key>sourceTree</key>
			<string>&lt;group&gt;</string>
		</dict>
		<key>04376A1419A1DF6F00B68DB3</key>
		<dict>
			<key>isa</key>
			<string>PBXFileReference</string>
			<key>lastKnownFileType</key>
			<string>image.png</string>
			<key>path</key>
			<string>blueArrowLoadMore@2x.png</string>
			<key>sourceTree</key>
			<string>&lt;group&gt;</string>
		</dict>
		<key>04376A1519A1DF6F00B68DB3</key>
		<dict>
			<key>isa</key>
			<string>PBXFileReference</string>
			<key>lastKnownFileType</key>
			<string>image.png</string>
			<key>path</key>
			<string>grayArrow.png</string>
			<key>sourceTree</key>
			<string>&lt;group&gt;</string>
		</dict>
		<key>04376A1619A1DF6F00B68DB3</key>
		<dict>
			<key>isa</key>
			<string>PBXFileReference</string>
			<key>lastKnownFileType</key>
			<string>image.png</string>
			<key>path</key>
			<string>grayArrow@2x.png</string>
			<key>sourceTree</key>
			<string>&lt;group&gt;</string>
		</dict>
		<key>04376A1719A1DF6F00B68DB3</key>
		<dict>
			<key>isa</key>
			<string>PBXFileReference</string>
			<key>lastKnownFileType</key>
			<string>image.png</string>
			<key>path</key>
			<string>grayArrowLoadMore.png</string>
			<key>sourceTree</key>
			<string>&lt;group&gt;</string>
		</dict>
		<key>04376A1819A1DF6F00B68DB3</key>
		<dict>
			<key>isa</key>
			<string>PBXFileReference</string>
			<key>lastKnownFileType</key>
			<string>image.png</string>
			<key>path</key>
			<string>grayArrowLoadMore@2x.png</string>
			<key>sourceTree</key>
			<string>&lt;group&gt;</string>
		</dict>
		<key>04376A1919A1DF6F00B68DB3</key>
		<dict>
			<key>isa</key>
			<string>PBXFileReference</string>
			<key>lastKnownFileType</key>
			<string>image.png</string>
			<key>path</key>
			<string>whiteArrow.png</string>
			<key>sourceTree</key>
			<string>&lt;group&gt;</string>
		</dict>
		<key>04376A1A19A1DF6F00B68DB3</key>
		<dict>
			<key>isa</key>
			<string>PBXFileReference</string>
			<key>lastKnownFileType</key>
			<string>image.png</string>
			<key>path</key>
			<string>whiteArrow@2x.png</string>
			<key>sourceTree</key>
			<string>&lt;group&gt;</string>
		</dict>
		<key>04376A1B19A1DF6F00B68DB3</key>
		<dict>
			<key>isa</key>
			<string>PBXFileReference</string>
			<key>lastKnownFileType</key>
			<string>image.png</string>
			<key>path</key>
			<string>whiteArrowLoadMore.png</string>
			<key>sourceTree</key>
			<string>&lt;group&gt;</string>
		</dict>
		<key>04376A1C19A1DF6F00B68DB3</key>
		<dict>
			<key>isa</key>
			<string>PBXFileReference</string>
			<key>lastKnownFileType</key>
			<string>image.png</string>
			<key>path</key>
			<string>whiteArrowLoadMore@2x.png</string>
			<key>sourceTree</key>
			<string>&lt;group&gt;</string>
		</dict>
		<key>04376A1D19A1DF6F00B68DB3</key>
		<dict>
			<key>fileRef</key>
			<string>04376A0819A1DF6F00B68DB3</string>
			<key>isa</key>
			<string>PBXBuildFile</string>
		</dict>
		<key>04376A1E19A1DF6F00B68DB3</key>
		<dict>
			<key>fileRef</key>
			<string>04376A0B19A1DF6F00B68DB3</string>
			<key>isa</key>
			<string>PBXBuildFile</string>
		</dict>
		<key>04376A1F19A1DF6F00B68DB3</key>
		<dict>
			<key>fileRef</key>
			<string>04376A0D19A1DF6F00B68DB3</string>
			<key>isa</key>
			<string>PBXBuildFile</string>
		</dict>
		<key>04376A2019A1DF6F00B68DB3</key>
		<dict>
			<key>fileRef</key>
			<string>04376A0E19A1DF6F00B68DB3</string>
			<key>isa</key>
			<string>PBXBuildFile</string>
		</dict>
		<key>04376A2119A1DF6F00B68DB3</key>
		<dict>
			<key>fileRef</key>
			<string>04376A0F19A1DF6F00B68DB3</string>
			<key>isa</key>
			<string>PBXBuildFile</string>
		</dict>
		<key>04376A2219A1DF6F00B68DB3</key>
		<dict>
			<key>fileRef</key>
			<string>04376A1019A1DF6F00B68DB3</string>
			<key>isa</key>
			<string>PBXBuildFile</string>
		</dict>
		<key>04376A2319A1DF6F00B68DB3</key>
		<dict>
			<key>fileRef</key>
			<string>04376A1119A1DF6F00B68DB3</string>
			<key>isa</key>
			<string>PBXBuildFile</string>
		</dict>
		<key>04376A2419A1DF6F00B68DB3</key>
		<dict>
			<key>fileRef</key>
			<string>04376A1219A1DF6F00B68DB3</string>
			<key>isa</key>
			<string>PBXBuildFile</string>
		</dict>
		<key>04376A2519A1DF6F00B68DB3</key>
		<dict>
			<key>fileRef</key>
			<string>04376A1319A1DF6F00B68DB3</string>
			<key>isa</key>
			<string>PBXBuildFile</string>
		</dict>
		<key>04376A2619A1DF6F00B68DB3</key>
		<dict>
			<key>fileRef</key>
			<string>04376A1419A1DF6F00B68DB3</string>
			<key>isa</key>
			<string>PBXBuildFile</string>
		</dict>
		<key>04376A2719A1DF6F00B68DB3</key>
		<dict>
			<key>fileRef</key>
			<string>04376A1519A1DF6F00B68DB3</string>
			<key>isa</key>
			<string>PBXBuildFile</string>
		</dict>
		<key>04376A2819A1DF6F00B68DB3</key>
		<dict>
			<key>fileRef</key>
			<string>04376A1619A1DF6F00B68DB3</string>
			<key>isa</key>
			<string>PBXBuildFile</string>
		</dict>
		<key>04376A2919A1DF6F00B68DB3</key>
		<dict>
			<key>fileRef</key>
			<string>04376A1719A1DF6F00B68DB3</string>
			<key>isa</key>
			<string>PBXBuildFile</string>
		</dict>
		<key>04376A2A19A1DF6F00B68DB3</key>
		<dict>
			<key>fileRef</key>
			<string>04376A1819A1DF6F00B68DB3</string>
			<key>isa</key>
			<string>PBXBuildFile</string>
		</dict>
		<key>04376A2B19A1DF6F00B68DB3</key>
		<dict>
			<key>fileRef</key>
			<string>04376A1919A1DF6F00B68DB3</string>
			<key>isa</key>
			<string>PBXBuildFile</string>
		</dict>
		<key>04376A2C19A1DF6F00B68DB3</key>
		<dict>
			<key>fileRef</key>
			<string>04376A1A19A1DF6F00B68DB3</string>
			<key>isa</key>
			<string>PBXBuildFile</string>
		</dict>
		<key>04376A2D19A1DF6F00B68DB3</key>
		<dict>
			<key>fileRef</key>
			<string>04376A1B19A1DF6F00B68DB3</string>
			<key>isa</key>
			<string>PBXBuildFile</string>
		</dict>
		<key>04376A2E19A1DF6F00B68DB3</key>
		<dict>
			<key>fileRef</key>
			<string>04376A1C19A1DF6F00B68DB3</string>
			<key>isa</key>
			<string>PBXBuildFile</string>
		</dict>
		<key>04376A3019A1E40400B68DB3</key>
		<dict>
			<key>isa</key>
			<string>PBXFileReference</string>
			<key>lastKnownFileType</key>
			<string>text.plist.strings</string>
			<key>name</key>
			<string>en</string>
			<key>path</key>
			<string>en.lproj/Main_iPhone.strings</string>
			<key>sourceTree</key>
			<string>&lt;group&gt;</string>
		</dict>
		<key>04376A3F19A1E56200B68DB3</key>
		<dict>
			<key>fileRef</key>
			<string>04376A4119A1E56200B68DB3</string>
			<key>isa</key>
			<string>PBXBuildFile</string>
		</dict>
		<key>04376A4019A1E56200B68DB3</key>
		<dict>
			<key>isa</key>
			<string>PBXFileReference</string>
			<key>lastKnownFileType</key>
			<string>text.plist.strings</string>
			<key>name</key>
			<string>Base</string>
			<key>path</key>
			<string>Base.lproj/Localizable.strings</string>
			<key>sourceTree</key>
			<string>&lt;group&gt;</string>
		</dict>
		<key>04376A4119A1E56200B68DB3</key>
		<dict>
			<key>children</key>
			<array>
				<string>04376A4019A1E56200B68DB3</string>
				<string>04376A4519A1E56E00B68DB3</string>
			</array>
			<key>isa</key>
			<string>PBXVariantGroup</string>
			<key>name</key>
			<string>Localizable.strings</string>
			<key>sourceTree</key>
			<string>&lt;group&gt;</string>
		</dict>
		<key>04376A4219A1E56E00B68DB3</key>
		<dict>
			<key>isa</key>
			<string>PBXFileReference</string>
			<key>lastKnownFileType</key>
			<string>text.plist.strings</string>
			<key>name</key>
			<string>zh-Hans</string>
			<key>path</key>
			<string>zh-Hans.lproj/Main_iPhone.strings</string>
			<key>sourceTree</key>
			<string>&lt;group&gt;</string>
		</dict>
		<key>04376A4319A1E56E00B68DB3</key>
		<dict>
			<key>isa</key>
			<string>PBXFileReference</string>
			<key>lastKnownFileType</key>
			<string>text.plist.strings</string>
			<key>name</key>
			<string>zh-Hans</string>
			<key>path</key>
			<string>zh-Hans.lproj/Main_iPad.strings</string>
			<key>sourceTree</key>
			<string>&lt;group&gt;</string>
		</dict>
		<key>04376A4419A1E56E00B68DB3</key>
		<dict>
			<key>isa</key>
			<string>PBXFileReference</string>
			<key>lastKnownFileType</key>
			<string>text.plist.strings</string>
			<key>name</key>
			<string>zh-Hans</string>
			<key>path</key>
			<string>zh-Hans.lproj/InfoPlist.strings</string>
			<key>sourceTree</key>
			<string>&lt;group&gt;</string>
		</dict>
		<key>04376A4519A1E56E00B68DB3</key>
		<dict>
			<key>isa</key>
			<string>PBXFileReference</string>
			<key>lastKnownFileType</key>
			<string>text.plist.strings</string>
			<key>name</key>
			<string>zh-Hans</string>
			<key>path</key>
			<string>zh-Hans.lproj/Localizable.strings</string>
			<key>sourceTree</key>
			<string>&lt;group&gt;</string>
		</dict>
		<key>3E8921B406604E6088EBB8B7</key>
		<dict>
			<key>buildActionMask</key>
			<string>2147483647</string>
			<key>files</key>
			<array/>
			<key>inputPaths</key>
			<array/>
			<key>isa</key>
			<string>PBXShellScriptBuildPhase</string>
			<key>name</key>
			<string>Copy Pods Resources</string>
			<key>outputPaths</key>
			<array/>
			<key>runOnlyForDeploymentPostprocessing</key>
			<string>0</string>
			<key>shellPath</key>
			<string>/bin/sh</string>
			<key>shellScript</key>
			<string>"${SRCROOT}/Pods/Pods-resources.sh"
</string>
			<key>showEnvVarsInLog</key>
			<string>0</string>
		</dict>
		<key>5B14DA8C20E04A3E875F9EE1</key>
		<dict>
			<key>fileRef</key>
			<string>CA50B27FFCC74CFEBC500337</string>
			<key>isa</key>
			<string>PBXBuildFile</string>
		</dict>
		<key>7123AB4EFC0E4F799F99ABF6</key>
		<dict>
			<key>buildActionMask</key>
			<string>2147483647</string>
			<key>files</key>
			<array/>
			<key>inputPaths</key>
			<array/>
			<key>isa</key>
			<string>PBXShellScriptBuildPhase</string>
			<key>name</key>
			<string>Check Pods Manifest.lock</string>
			<key>outputPaths</key>
			<array/>
			<key>runOnlyForDeploymentPostprocessing</key>
			<string>0</string>
			<key>shellPath</key>
			<string>/bin/sh</string>
			<key>shellScript</key>
			<string>diff "${PODS_ROOT}/../Podfile.lock" "${PODS_ROOT}/Manifest.lock" &gt; /dev/null
if [[ $? != 0 ]] ; then
    cat &lt;&lt; EOM
error: The sandbox is not in sync with the Podfile.lock. Run 'pod install' or update your CocoaPods installation.
EOM
    exit 1
fi
</string>
			<key>showEnvVarsInLog</key>
			<string>0</string>
		</dict>
		<key>7E2323F41A6146E4BD614DB6</key>
		<dict>
			<key>includeInIndex</key>
			<string>1</string>
			<key>isa</key>
			<string>PBXFileReference</string>
			<key>lastKnownFileType</key>
			<string>text.xcconfig</string>
			<key>name</key>
			<string>Pods.xcconfig</string>
			<key>path</key>
			<string>Pods/Pods.xcconfig</string>
			<key>sourceTree</key>
			<string>&lt;group&gt;</string>
		</dict>
		<key>CA50B27FFCC74CFEBC500337</key>
		<dict>
			<key>explicitFileType</key>
			<string>archive.ar</string>
			<key>includeInIndex</key>
			<string>0</string>
			<key>isa</key>
			<string>PBXFileReference</string>
			<key>path</key>
			<string>libPods.a</string>
			<key>sourceTree</key>
			<string>BUILT_PRODUCTS_DIR</string>
		</dict>
	</dict>
	<key>rootObject</key>
	<string>0437696E19A1D96000B68DB3</string>
</dict>
</plist>
